
Microsoft Visual Studio Solution File, Format Version 12.00
# Visual Studio 14
VisualStudioVersion = 14.0.25420.1
MinimumVisualStudioVersion = 10.0.40219.1
Project("{FAE04EC0-301F-11D3-BF4B-00C04F79EFBC}") = "Tema1", "Tema1\Tema1.csproj", "{3D60612E-6AA9-440B-995C-00E9280C6E44}"
EndProject
Project("{FAE04EC0-301F-11D3-BF4B-00C04F79EFBC}") = "Tema2", "Tema2\Tema2.csproj", "{C9983855-EC1A-4739-8B74-8C03C096F7A9}"
EndProject
Global
	GlobalSection(SolutionConfigurationPlatforms) = preSolution
		Debug|Any CPU = Debug|Any CPU
		Release|Any CPU = Release|Any CPU
	EndGlobalSection
	GlobalSection(ProjectConfigurationPlatforms) = postSolution
		{3D60612E-6AA9-440B-995C-00E9280C6E44}.Debug|Any CPU.ActiveCfg = Debug|Any CPU
		{3D60612E-6AA9-440B-995C-00E9280C6E44}.Debug|Any CPU.Build.0 = Debug|Any CPU
		{3D60612E-6AA9-440B-995C-00E9280C6E44}.Release|Any CPU.ActiveCfg = Release|Any CPU
		{3D60612E-6AA9-440B-995C-00E9280C6E44}.Release|Any CPU.Build.0 = Release|Any CPU
		{C9983855-EC1A-4739-8B74-8C03C096F7A9}.Debug|Any CPU.ActiveCfg = Debug|Any CPU
		{C9983855-EC1A-4739-8B74-8C03C096F7A9}.Debug|Any CPU.Build.0 = Debug|Any CPU
		{C9983855-EC1A-4739-8B74-8C03C096F7A9}.Release|Any CPU.ActiveCfg = Release|Any CPU
		{C9983855-EC1A-4739-8B74-8C03C096F7A9}.Release|Any CPU.Build.0 = Release|Any CPU
	EndGlobalSection
	GlobalSection(SolutionProperties) = preSolution
		HideSolutionNode = FALSE
	EndGlobalSection
EndGlobal
